{
  "name": "kraken-exchange",
  "version": "1.0.0",
  "lockfileVersion": 1,
  "dependencies": {
    "coffeescript": {
      "version": "2.0.0-beta2",
      "resolved": "https://registry.npmjs.org/coffeescript/-/coffeescript-2.0.0-beta2.tgz",
      "integrity": "sha1-yq/Wpn2QOkMz+LSFvKtU7VFH734=",
      "dev": true
    }
  }
}
